
Microsoft Visual Studio Solution File, Format Version 12.00
# Visual Studio 15
VisualStudioVersion = 15.0.28307.2092
MinimumVisualStudioVersion = 10.0.40219.1
Project("{FAE04EC0-301F-11D3-BF4B-00C04F79EFBC}") = "QLCongNo", "WASSPRO\QLCongNo.csproj", "{28A3D8C9-334B-4D1D-A17F-2B84D52DC84E}"
EndProject
Global
	GlobalSection(SolutionConfigurationPlatforms) = preSolution
		Debug|Any CPU = Debug|Any CPU
		Release|Any CPU = Release|Any CPU
	EndGlobalSection
	GlobalSection(ProjectConfigurationPlatforms) = postSolution
		{28A3D8C9-334B-4D1D-A17F-2B84D52DC84E}.Debug|Any CPU.ActiveCfg = Debug|Any CPU
		{28A3D8C9-334B-4D1D-A17F-2B84D52DC84E}.Debug|Any CPU.Build.0 = Debug|Any CPU
		{28A3D8C9-334B-4D1D-A17F-2B84D52DC84E}.Release|Any CPU.ActiveCfg = Release|Any CPU
		{28A3D8C9-334B-4D1D-A17F-2B84D52DC84E}.Release|Any CPU.Build.0 = Release|Any CPU
	EndGlobalSection
	GlobalSection(SolutionProperties) = preSolution
		HideSolutionNode = FALSE
	EndGlobalSection
	GlobalSection(ExtensibilityGlobals) = postSolution
		SolutionGuid = {054799AC-58BE-46DE-9066-F31A3188F3E8}
	EndGlobalSection
EndGlobal
